
Microsoft Visual Studio Solution File, Format Version 12.00
# Visual Studio Version 16
VisualStudioVersion = 16.0.28902.138
MinimumVisualStudioVersion = 10.0.40219.1
Project("{9A19103F-16F7-4668-BE54-9A1E7A4F7556}") = "MCWrapper", "MCWrapper\MCWrapper.csproj", "{C9CF8859-5010-4556-9D04-D214DE9B94E1}"
EndProject
Project("{FAE04EC0-301F-11D3-BF4B-00C04F79EFBC}") = "docefx", "docefx\docefx.csproj", "{F5314AE5-CD44-4E67-9460-1CC7374F1A0A}"
EndProject
Global
	GlobalSection(SolutionConfigurationPlatforms) = preSolution
		Debug|Any CPU = Debug|Any CPU
		Release|Any CPU = Release|Any CPU
	EndGlobalSection
	GlobalSection(ProjectConfigurationPlatforms) = postSolution
		{C9CF8859-5010-4556-9D04-D214DE9B94E1}.Debug|Any CPU.ActiveCfg = Debug|Any CPU
		{C9CF8859-5010-4556-9D04-D214DE9B94E1}.Debug|Any CPU.Build.0 = Debug|Any CPU
		{C9CF8859-5010-4556-9D04-D214DE9B94E1}.Release|Any CPU.ActiveCfg = Release|Any CPU
		{C9CF8859-5010-4556-9D04-D214DE9B94E1}.Release|Any CPU.Build.0 = Release|Any CPU
		{F5314AE5-CD44-4E67-9460-1CC7374F1A0A}.Debug|Any CPU.ActiveCfg = Debug|Any CPU
		{F5314AE5-CD44-4E67-9460-1CC7374F1A0A}.Debug|Any CPU.Build.0 = Debug|Any CPU
		{F5314AE5-CD44-4E67-9460-1CC7374F1A0A}.Release|Any CPU.ActiveCfg = Release|Any CPU
		{F5314AE5-CD44-4E67-9460-1CC7374F1A0A}.Release|Any CPU.Build.0 = Release|Any CPU
	EndGlobalSection
	GlobalSection(SolutionProperties) = preSolution
		HideSolutionNode = FALSE
	EndGlobalSection
	GlobalSection(ExtensibilityGlobals) = postSolution
		SolutionGuid = {0F238F5B-094A-4908-B10A-03FBF8E9C85F}
	EndGlobalSection
EndGlobal
